
Microsoft Visual Studio Solution File, Format Version 12.00
# Visual Studio 2013
VisualStudioVersion = 12.0.21005.1
MinimumVisualStudioVersion = 10.0.40219.1
Project("{FAE04EC0-301F-11D3-BF4B-00C04F79EFBC}") = "presentation", "presentation\presentation.csproj", "{8D73D681-F88D-4ED2-9700-BCDEC55A92A8}"
EndProject
Project("{FAE04EC0-301F-11D3-BF4B-00C04F79EFBC}") = "Metier", "Metier\Metier.csproj", "{12051203-54F7-4874-9F5F-293A6493D276}"
EndProject
Project("{2150E333-8FDC-42A3-9474-1A3956D46DE8}") = ".nuget", ".nuget", "{7BAB37AB-640D-4EB0-9246-7A6C27A2A815}"
	ProjectSection(SolutionItems) = preProject
		.nuget\packages.config = .nuget\packages.config
	EndProjectSection
EndProject
Global
	GlobalSection(SolutionConfigurationPlatforms) = preSolution
		Debug|Any CPU = Debug|Any CPU
		Release|Any CPU = Release|Any CPU
	EndGlobalSection
	GlobalSection(ProjectConfigurationPlatforms) = postSolution
		{8D73D681-F88D-4ED2-9700-BCDEC55A92A8}.Debug|Any CPU.ActiveCfg = Debug|Any CPU
		{8D73D681-F88D-4ED2-9700-BCDEC55A92A8}.Debug|Any CPU.Build.0 = Debug|Any CPU
		{8D73D681-F88D-4ED2-9700-BCDEC55A92A8}.Release|Any CPU.ActiveCfg = Release|Any CPU
		{8D73D681-F88D-4ED2-9700-BCDEC55A92A8}.Release|Any CPU.Build.0 = Release|Any CPU
		{12051203-54F7-4874-9F5F-293A6493D276}.Debug|Any CPU.ActiveCfg = Debug|Any CPU
		{12051203-54F7-4874-9F5F-293A6493D276}.Debug|Any CPU.Build.0 = Debug|Any CPU
		{12051203-54F7-4874-9F5F-293A6493D276}.Release|Any CPU.ActiveCfg = Release|Any CPU
		{12051203-54F7-4874-9F5F-293A6493D276}.Release|Any CPU.Build.0 = Release|Any CPU
	EndGlobalSection
	GlobalSection(SolutionProperties) = preSolution
		HideSolutionNode = FALSE
	EndGlobalSection
EndGlobal
